
Microsoft Visual Studio Solution File, Format Version 12.00
# Visual Studio Version 16
VisualStudioVersion = 16.6.30114.105
MinimumVisualStudioVersion = 10.0.40219.1
Project("{2150E333-8FDC-42A3-9474-1A3956D46DE8}") = "Libraries", "Libraries", "{5BC75DEA-98E7-4E08-9F11-A7B4000EE905}"
EndProject
Project("{9A19103F-16F7-4668-BE54-9A1E7A4F7556}") = "RhythmGamesBot.Core", "Libraries\RhythmGamesBot.Core\RhythmGamesBot.Core.csproj", "{E6B0043C-3E9B-4B59-B9EB-E17ACF297C47}"
EndProject
Project("{9A19103F-16F7-4668-BE54-9A1E7A4F7556}") = "RhythmGamesBot.Utils", "Libraries\RhythmGamesBot.Utils\RhythmGamesBot.Utils.csproj", "{092C905E-081D-4BD5-A4F4-A394A343D9A9}"
EndProject
Project("{FAE04EC0-301F-11D3-BF4B-00C04F79EFBC}") = "RhythmGamesBot.Storage", "Libraries\RhythmGamesBot.Storage\RhythmGamesBot.Storage.csproj", "{46256C31-8076-444D-8119-026C7842FA62}"
EndProject
Project("{FAE04EC0-301F-11D3-BF4B-00C04F79EFBC}") = "RhythmGamesBot.Models", "Libraries\RhythmGamesBot.Models\RhythmGamesBot.Models.csproj", "{C97BBE1E-169F-4CF1-A751-63EE32E3E2C6}"
EndProject
Global
	GlobalSection(SolutionConfigurationPlatforms) = preSolution
		Debug|Any CPU = Debug|Any CPU
		Debug|x64 = Debug|x64
		Debug|x86 = Debug|x86
		Release|Any CPU = Release|Any CPU
		Release|x64 = Release|x64
		Release|x86 = Release|x86
	EndGlobalSection
	GlobalSection(ProjectConfigurationPlatforms) = postSolution
		{E6B0043C-3E9B-4B59-B9EB-E17ACF297C47}.Debug|Any CPU.ActiveCfg = Debug|Any CPU
		{E6B0043C-3E9B-4B59-B9EB-E17ACF297C47}.Debug|Any CPU.Build.0 = Debug|Any CPU
		{E6B0043C-3E9B-4B59-B9EB-E17ACF297C47}.Debug|x64.ActiveCfg = Debug|Any CPU
		{E6B0043C-3E9B-4B59-B9EB-E17ACF297C47}.Debug|x64.Build.0 = Debug|Any CPU
		{E6B0043C-3E9B-4B59-B9EB-E17ACF297C47}.Debug|x86.ActiveCfg = Debug|Any CPU
		{E6B0043C-3E9B-4B59-B9EB-E17ACF297C47}.Debug|x86.Build.0 = Debug|Any CPU
		{E6B0043C-3E9B-4B59-B9EB-E17ACF297C47}.Release|Any CPU.ActiveCfg = Release|Any CPU
		{E6B0043C-3E9B-4B59-B9EB-E17ACF297C47}.Release|Any CPU.Build.0 = Release|Any CPU
		{E6B0043C-3E9B-4B59-B9EB-E17ACF297C47}.Release|x64.ActiveCfg = Release|Any CPU
		{E6B0043C-3E9B-4B59-B9EB-E17ACF297C47}.Release|x64.Build.0 = Release|Any CPU
		{E6B0043C-3E9B-4B59-B9EB-E17ACF297C47}.Release|x86.ActiveCfg = Release|Any CPU
		{E6B0043C-3E9B-4B59-B9EB-E17ACF297C47}.Release|x86.Build.0 = Release|Any CPU
		{092C905E-081D-4BD5-A4F4-A394A343D9A9}.Debug|Any CPU.ActiveCfg = Debug|Any CPU
		{092C905E-081D-4BD5-A4F4-A394A343D9A9}.Debug|Any CPU.Build.0 = Debug|Any CPU
		{092C905E-081D-4BD5-A4F4-A394A343D9A9}.Debug|x64.ActiveCfg = Debug|Any CPU
		{092C905E-081D-4BD5-A4F4-A394A343D9A9}.Debug|x64.Build.0 = Debug|Any CPU
		{092C905E-081D-4BD5-A4F4-A394A343D9A9}.Debug|x86.ActiveCfg = Debug|Any CPU
		{092C905E-081D-4BD5-A4F4-A394A343D9A9}.Debug|x86.Build.0 = Debug|Any CPU
		{092C905E-081D-4BD5-A4F4-A394A343D9A9}.Release|Any CPU.ActiveCfg = Release|Any CPU
		{092C905E-081D-4BD5-A4F4-A394A343D9A9}.Release|Any CPU.Build.0 = Release|Any CPU
		{092C905E-081D-4BD5-A4F4-A394A343D9A9}.Release|x64.ActiveCfg = Release|Any CPU
		{092C905E-081D-4BD5-A4F4-A394A343D9A9}.Release|x64.Build.0 = Release|Any CPU
		{092C905E-081D-4BD5-A4F4-A394A343D9A9}.Release|x86.ActiveCfg = Release|Any CPU
		{092C905E-081D-4BD5-A4F4-A394A343D9A9}.Release|x86.Build.0 = Release|Any CPU
		{46256C31-8076-444D-8119-026C7842FA62}.Debug|Any CPU.ActiveCfg = Debug|Any CPU
		{46256C31-8076-444D-8119-026C7842FA62}.Debug|Any CPU.Build.0 = Debug|Any CPU
		{46256C31-8076-444D-8119-026C7842FA62}.Debug|x64.ActiveCfg = Debug|Any CPU
		{46256C31-8076-444D-8119-026C7842FA62}.Debug|x64.Build.0 = Debug|Any CPU
		{46256C31-8076-444D-8119-026C7842FA62}.Debug|x86.ActiveCfg = Debug|Any CPU
		{46256C31-8076-444D-8119-026C7842FA62}.Debug|x86.Build.0 = Debug|Any CPU
		{46256C31-8076-444D-8119-026C7842FA62}.Release|Any CPU.ActiveCfg = Release|Any CPU
		{46256C31-8076-444D-8119-026C7842FA62}.Release|Any CPU.Build.0 = Release|Any CPU
		{46256C31-8076-444D-8119-026C7842FA62}.Release|x64.ActiveCfg = Release|Any CPU
		{46256C31-8076-444D-8119-026C7842FA62}.Release|x64.Build.0 = Release|Any CPU
		{46256C31-8076-444D-8119-026C7842FA62}.Release|x86.ActiveCfg = Release|Any CPU
		{46256C31-8076-444D-8119-026C7842FA62}.Release|x86.Build.0 = Release|Any CPU
		{C97BBE1E-169F-4CF1-A751-63EE32E3E2C6}.Debug|Any CPU.ActiveCfg = Debug|Any CPU
		{C97BBE1E-169F-4CF1-A751-63EE32E3E2C6}.Debug|Any CPU.Build.0 = Debug|Any CPU
		{C97BBE1E-169F-4CF1-A751-63EE32E3E2C6}.Debug|x64.ActiveCfg = Debug|Any CPU
		{C97BBE1E-169F-4CF1-A751-63EE32E3E2C6}.Debug|x64.Build.0 = Debug|Any CPU
		{C97BBE1E-169F-4CF1-A751-63EE32E3E2C6}.Debug|x86.ActiveCfg = Debug|Any CPU
		{C97BBE1E-169F-4CF1-A751-63EE32E3E2C6}.Debug|x86.Build.0 = Debug|Any CPU
		{C97BBE1E-169F-4CF1-A751-63EE32E3E2C6}.Release|Any CPU.ActiveCfg = Release|Any CPU
		{C97BBE1E-169F-4CF1-A751-63EE32E3E2C6}.Release|Any CPU.Build.0 = Release|Any CPU
		{C97BBE1E-169F-4CF1-A751-63EE32E3E2C6}.Release|x64.ActiveCfg = Release|Any CPU
		{C97BBE1E-169F-4CF1-A751-63EE32E3E2C6}.Release|x64.Build.0 = Release|Any CPU
		{C97BBE1E-169F-4CF1-A751-63EE32E3E2C6}.Release|x86.ActiveCfg = Release|Any CPU
		{C97BBE1E-169F-4CF1-A751-63EE32E3E2C6}.Release|x86.Build.0 = Release|Any CPU
	EndGlobalSection
	GlobalSection(SolutionProperties) = preSolution
		HideSolutionNode = FALSE
	EndGlobalSection
	GlobalSection(NestedProjects) = preSolution
		{E6B0043C-3E9B-4B59-B9EB-E17ACF297C47} = {5BC75DEA-98E7-4E08-9F11-A7B4000EE905}
		{092C905E-081D-4BD5-A4F4-A394A343D9A9} = {5BC75DEA-98E7-4E08-9F11-A7B4000EE905}
		{46256C31-8076-444D-8119-026C7842FA62} = {5BC75DEA-98E7-4E08-9F11-A7B4000EE905}
		{C97BBE1E-169F-4CF1-A751-63EE32E3E2C6} = {5BC75DEA-98E7-4E08-9F11-A7B4000EE905}
	EndGlobalSection
	GlobalSection(ExtensibilityGlobals) = postSolution
		SolutionGuid = {59601F90-AA6A-4CD3-ADF2-C7AE0F9CB8B1}
	EndGlobalSection
EndGlobal
